
Microsoft Visual Studio Solution File, Format Version 12.00
# Visual Studio Version 17
VisualStudioVersion = 17.4.33110.190
MinimumVisualStudioVersion = 10.0.40219.1
Project("{FAE04EC0-301F-11D3-BF4B-00C04F79EFBC}") = "OrderApi", "OrderApi\OrderApi.csproj", "{54FAF631-AFF6-421C-9025-103960847E56}"
EndProject
Project("{FAE04EC0-301F-11D3-BF4B-00C04F79EFBC}") = "InventoryApi", "InventoryApi\InventoryApi.csproj", "{C2FFD6E0-70D0-402B-996A-9A8409FA3583}"
EndProject
Project("{2150E333-8FDC-42A3-9474-1A3956D46DE8}") = "Solution Items", "Solution Items", "{1259C408-0E05-4901-9256-5069818C194D}"
	ProjectSection(SolutionItems) = preProject
		docker-compose.yml = docker-compose.yml
	EndProjectSection
EndProject
Global
	GlobalSection(SolutionConfigurationPlatforms) = preSolution
		Debug|Any CPU = Debug|Any CPU
		Release|Any CPU = Release|Any CPU
	EndGlobalSection
	GlobalSection(ProjectConfigurationPlatforms) = postSolution
		{54FAF631-AFF6-421C-9025-103960847E56}.Debug|Any CPU.ActiveCfg = Debug|Any CPU
		{54FAF631-AFF6-421C-9025-103960847E56}.Debug|Any CPU.Build.0 = Debug|Any CPU
		{54FAF631-AFF6-421C-9025-103960847E56}.Release|Any CPU.ActiveCfg = Release|Any CPU
		{54FAF631-AFF6-421C-9025-103960847E56}.Release|Any CPU.Build.0 = Release|Any CPU
		{C2FFD6E0-70D0-402B-996A-9A8409FA3583}.Debug|Any CPU.ActiveCfg = Debug|Any CPU
		{C2FFD6E0-70D0-402B-996A-9A8409FA3583}.Debug|Any CPU.Build.0 = Debug|Any CPU
		{C2FFD6E0-70D0-402B-996A-9A8409FA3583}.Release|Any CPU.ActiveCfg = Release|Any CPU
		{C2FFD6E0-70D0-402B-996A-9A8409FA3583}.Release|Any CPU.Build.0 = Release|Any CPU
	EndGlobalSection
	GlobalSection(SolutionProperties) = preSolution
		HideSolutionNode = FALSE
	EndGlobalSection
	GlobalSection(ExtensibilityGlobals) = postSolution
		SolutionGuid = {2C8EA1CF-6F61-4F3A-9F9B-EAD59E38B5D6}
	EndGlobalSection
EndGlobal
